
Microsoft Visual Studio Solution File, Format Version 12.00
# Visual Studio Version 17
VisualStudioVersion = 17.13.35828.75 d17.13
MinimumVisualStudioVersion = 10.0.40219.1
Project("{FAE04EC0-301F-11D3-BF4B-00C04F79EFBC}") = "CaixaEletronico", "CaixaEletronico\CaixaEletronico.csproj", "{E262315D-41AD-4190-9DA9-E14798776ECA}"
EndProject
Global
	GlobalSection(SolutionConfigurationPlatforms) = preSolution
		Debug|Any CPU = Debug|Any CPU
		Release|Any CPU = Release|Any CPU
	EndGlobalSection
	GlobalSection(ProjectConfigurationPlatforms) = postSolution
		{E262315D-41AD-4190-9DA9-E14798776ECA}.Debug|Any CPU.ActiveCfg = Debug|Any CPU
		{E262315D-41AD-4190-9DA9-E14798776ECA}.Debug|Any CPU.Build.0 = Debug|Any CPU
		{E262315D-41AD-4190-9DA9-E14798776ECA}.Release|Any CPU.ActiveCfg = Release|Any CPU
		{E262315D-41AD-4190-9DA9-E14798776ECA}.Release|Any CPU.Build.0 = Release|Any CPU
	EndGlobalSection
	GlobalSection(SolutionProperties) = preSolution
		HideSolutionNode = FALSE
	EndGlobalSection
	GlobalSection(ExtensibilityGlobals) = postSolution
		SolutionGuid = {891B337A-F913-4917-920B-3407125E12A3}
	EndGlobalSection
EndGlobal
